# THIS IS AN AUTOGENERATED FILE. DO NOT EDIT THIS FILE DIRECTLY.
# yarn lockfile v1


debug@^4.1.1:
  version "4.1.1"
  resolved "https://registry.yarnpkg.com/debug/-/debug-4.1.1.tgz#3b72260255109c6b589cee050f1d516139664791"
  integrity sha512-pYAIzeRo8J6KPEaJ0VWOh5Pzkbw/RetuzehGM7QRRX5he4fPHx2rdKMB256ehJCkX+XRQm16eZLqLNS8RSZXZw==
  dependencies:
    ms "^2.1.1"

ms@^2.1.1:
  version "2.1.1"
  resolved "https://registry.yarnpkg.com/ms/-/ms-2.1.1.tgz#30a5864eb3ebb0a66f2ebe6d727af06a09d86e0a"
  integrity sha512-tgp+dl5cGk28utYktBsrFqA7HKgrhgPsg6Z/EfhWI4gl1Hwq8B/GmY/0oXZ6nF8hDVesS/FpnYaD/kOWhYQvyg==

npm-install-package@^2.1.0:
  version "2.1.0"
  resolved "https://registry.yarnpkg.com/npm-install-package/-/npm-install-package-2.1.0.tgz#d7efe3cfcd7ab00614b896ea53119dc9ab259125"
  integrity sha1-1+/jz816sAYUuJbqUxGdyaslkSU=

semver@^6.1.0:
  version "6.1.0"
  resolved "https://registry.yarnpkg.com/semver/-/semver-6.1.0.tgz#e95dc415d45ecf03f2f9f83b264a6b11f49c0cca"
  integrity sha512-kCqEOOHoBcFs/2Ccuk4Xarm/KiWRSLEX9CAZF8xkJ6ZPlIoTZ8V5f7J16vYLJqDbR7KrxTJpR2lqjIEm2Qx9cQ==
